<Solution>
  <Project Path="QuantityApp/QuantityApp.csproj" />
  <Project Path="QuantityMeasurement.Application/QuantityMeasurement.Application.csproj" />
  <Project Path="QuantityMeasurement.Business/QuantityMeasurement.Business.csproj" />
  <Project Path="QuantityMeasurement.Model/QuantityMeasurement.Model.csproj" />
  <Project Path="QuantityMeasurement.Repository/QuantityMeasurement.Repository.csproj" />
</Solution>
